{
  "name": "order",
  "version": "1.0.0",
  "lockfileVersion": 1,
  "requires": true,
  "dependencies": {
    "@types/node": {
      "version": "14.14.25",
      "resolved": "https://registry.npmjs.org/@types/node/-/node-14.14.25.tgz",
      "integrity": "sha512-EPpXLOVqDvisVxtlbvzfyqSsFeQxltFbluZNRndIb8tr9KiBnYNLzrc1N3pyKUCww2RNrfHDViqDWWE1LCJQtQ=="
    },
    "@types/nodemailer": {
      "version": "6.4.0",
      "resolved": "https://registry.npmjs.org/@types/nodemailer/-/nodemailer-6.4.0.tgz",
      "integrity": "sha512-KY7bFWB0MahRZvVW4CuW83qcCDny59pJJ0MQ5ifvfcjNwPlIT0vW4uARO4u1gtkYnWdhSvURegecY/tzcukJcA==",
      "dev": true,
      "requires": {
        "@types/node": "*"
      }
    },
    "@types/stripe": {
      "version": "8.0.417",
      "resolved": "https://registry.npmjs.org/@types/stripe/-/stripe-8.0.417.tgz",
      "integrity": "sha512-PTuqskh9YKNENnOHGVJBm4sM0zE8B1jZw1JIskuGAPkMB+OH236QeN8scclhYGPA4nG6zTtPXgwpXdp+HPDTVw==",
      "dev": true,
      "requires": {
        "stripe": "*"
      }
    },
    "node-fetch": {
      "version": "2.6.1",
      "resolved": "https://registry.npmjs.org/node-fetch/-/node-fetch-2.6.1.tgz",
      "integrity": "sha512-V4aYg89jEoVRxRb2fJdAg8FHvI7cEyYdVAh94HH0UIK8oJxUfkjlDQN9RbMx+bEjP7+ggMiFRprSti032Oipxw=="
    },
    "nodemailer": {
      "version": "6.4.17",
      "resolved": "https://registry.npmjs.org/nodemailer/-/nodemailer-6.4.17.tgz",
      "integrity": "sha512-89ps+SBGpo0D4Bi5ZrxcrCiRFaMmkCt+gItMXQGzEtZVR3uAD3QAQIDoxTWnx3ky0Dwwy/dhFrQ+6NNGXpw/qQ=="
    },
    "qs": {
      "version": "6.9.6",
      "resolved": "https://registry.npmjs.org/qs/-/qs-6.9.6.tgz",
      "integrity": "sha512-TIRk4aqYLNoJUbd+g2lEdz5kLWIuTMRagAXxl78Q0RiVjAOugHmeKNGdd3cwo/ktpf9aL9epCfFqWDEKysUlLQ=="
    },
    "stripe": {
      "version": "8.135.0",
      "resolved": "https://registry.npmjs.org/stripe/-/stripe-8.135.0.tgz",
      "integrity": "sha512-cy2IhKhENtvcwdrqtX4jZK4kgu0crA0YrwMgHovIzMAv/Ebr5LqBQ/nhyBqsssExY1hJjn765vhltNrf0WV+Iw==",
      "requires": {
        "@types/node": ">=8.1.0",
        "qs": "^6.6.0"
      }
    }
  }
}
